
Microsoft Visual Studio Solution File, Format Version 12.00
# Visual Studio Version 16
VisualStudioVersion = 16.0.810.22
MinimumVisualStudioVersion = 10.0.40219.1
Project("{FAE04EC0-301F-11D3-BF4B-00C04F79EFBC}") = "areEqual", "areEqual\areEqual.csproj", "{9A7F5172-CE8E-440A-B996-819189A93005}"
EndProject
Global
	GlobalSection(SolutionConfigurationPlatforms) = preSolution
		Debug|Any CPU = Debug|Any CPU
		Release|Any CPU = Release|Any CPU
	EndGlobalSection
	GlobalSection(ProjectConfigurationPlatforms) = postSolution
		{9A7F5172-CE8E-440A-B996-819189A93005}.Debug|Any CPU.ActiveCfg = Debug|Any CPU
		{9A7F5172-CE8E-440A-B996-819189A93005}.Debug|Any CPU.Build.0 = Debug|Any CPU
		{9A7F5172-CE8E-440A-B996-819189A93005}.Release|Any CPU.ActiveCfg = Release|Any CPU
		{9A7F5172-CE8E-440A-B996-819189A93005}.Release|Any CPU.Build.0 = Release|Any CPU
	EndGlobalSection
	GlobalSection(SolutionProperties) = preSolution
		HideSolutionNode = FALSE
	EndGlobalSection
	GlobalSection(ExtensibilityGlobals) = postSolution
		SolutionGuid = {36549A25-1606-41D0-8347-134EBD0B7E53}
	EndGlobalSection
EndGlobal
